github.com/antchfx/htmlquery v1.3.0 h1:5I5yNFOVI+egyia5F2s/5Do2nFWxJz41Tr3DyfKD25E=
github.com/antchfx/htmlquery v1.3.0/go.mod h1:zKPDVTMhfOmcwxheXUsx4rKJy8KEY/PU6eXr/2SebQ8=
github.com/antchfx/xpath v1.2.3 h1:CCZWOzv5bAqjVv0offZ2LVgVYFbeldKQVuLNbViZdes=
github.com/antchfx/xpath v1.2.3/go.mod h1:i54GszH55fYfBmoZXapTHN8T8tkcHfRgLyVwwqzXNcs=
github.com/beorn7/perks v1.0.1 h1:VlbKKnNfV8bJzeqoa4cOKqO6bYr3WgKZxO8Z16+hsOM=
github.com/beorn7/perks v1.0.1/go.mod h1:G2ZrVWU2WbWT9wwq4/hrbKbnv/1ERSJQ0ibhJ6rlkpw=
github.com/cespare/xxhash/v2 v2.2.0 h1:DC2CZ1Ep5Y4k3ZQ899DldepgrayRUGE6BBZ/cd9Cj44=
github.com/cespare/xxhash/v2 v2.2.0/go.mod h1:VGX0DQ3Q6kWi7AoAeZDth3/j3BFtOZR5XLFGgcrjCOs=
github.com/chaseSpace/bear v0.0.1-alpha1.0.20250103061607-25aad54ab325 h1:7HlvkVTUf4Y8n+ScCZ/qfjzucB056D2fwlrLYcJ4Sxk=
github.com/chaseSpace/bear v0.0.1-alpha1.0.20250103061607-25aad54ab325/go.mod h1:vjV8Z4dEmosLTzQVqUDWrHXcqkPaLZ/gy2pswnDWc44=
github.com/chaseSpace/bear v0.0.1-alpha1.0.20250103072501-fe2d55da785b h1:sIt+Rroha5mxXE0Q5MgHZGVD7t6pzdg4bNJhVnnNM3A=
github.com/chaseSpace/bear v0.0.1-alpha1.0.20250103072501-fe2d55da785b/go.mod h1:vjV8Z4dEmosLTzQVqUDWrHXcqkPaLZ/gy2pswnDWc44=
github.com/chaseSpace/bear v0.0.1-alpha1.0.20250103073413-480ec9b5ac46 h1:k6XP+8BlTcbyI/E9XqXdBJNe7i5yy1nGNsmW8JBVff8=
github.com/chaseSpace/bear v0.0.1-alpha1.0.20250103073413-480ec9b5ac46/go.mod h1:vjV8Z4dEmosLTzQVqUDWrHXcqkPaLZ/gy2pswnDWc44=
github.com/chaseSpace/bear v0.0.1-alpha1.0.20250103114115-05375d9aa519 h1:aA2vVr1BZ7uan0v22heC4t2h2PTdTRZ8bVvO82K6P3s=
github.com/chaseSpace/bear v0.0.1-alpha1.0.20250103114115-05375d9aa519/go.mod h1:vjV8Z4dEmosLTzQVqUDWrHXcqkPaLZ/gy2pswnDWc44=
github.com/chaseSpace/bear v0.0.1-alpha3 h1:LHCijP81o0iTOREprrZ8afmwi8e3ecesEZByFTQOPTQ=
github.com/chaseSpace/bear v0.0.1-alpha3/go.mod h1:FOKdSOPjalTigar33N0KXu+38LN9mUWCPL4hBhScGNs=
github.com/chaseSpace/bear v0.0.1-alpha4 h1:dR/OH0SarBlVWo3qLOXWhOVlN89V8Xcd9OZBYU1CrSE=
github.com/chaseSpace/bear v0.0.1-alpha4/go.mod h1:FOKdSOPjalTigar33N0KXu+38LN9mUWCPL4hBhScGNs=
github.com/chaseSpace/bear v0.0.1-alpha5 h1:8Tnp5VOBafTLQoG7au4srqtjW0iU8dxo5ZmrMiy+lIQ=
github.com/chaseSpace/bear v0.0.1-alpha5/go.mod h1:FOKdSOPjalTigar33N0KXu+38LN9mUWCPL4hBhScGNs=
github.com/creack/pty v1.1.9/go.mod h1:oKZEueFk5CKHvIhNR5MUki03XCEU+Q6VDXinZuGJ33E=
github.com/davecgh/go-spew v1.1.0/go.mod h1:J7Y8YcW2NihsgmVo/mv3lAwl/skON4iLHjSsI+c5H38=
github.com/davecgh/go-spew v1.1.1/go.mod h1:J7Y8YcW2NihsgmVo/mv3lAwl/skON4iLHjSsI+c5H38=
github.com/davecgh/go-spew v1.1.2-0.20180830191138-d8f796af33cc h1:U9qPSI2PIWSS1VwoXQT9A3Wy9MM3WgvqSxFWenqJduM=
github.com/davecgh/go-spew v1.1.2-0.20180830191138-d8f796af33cc/go.mod h1:J7Y8YcW2NihsgmVo/mv3lAwl/skON4iLHjSsI+c5H38=
github.com/elazarl/goproxy v0.0.0-20231117061959-7cc037d33fb5 h1:m62nsMU279qRD9PQSWD1l66kmkXzuYcnVJqL4XLeV2M=
github.com/elazarl/goproxy v0.0.0-20231117061959-7cc037d33fb5/go.mod h1:Ro8st/ElPeALwNFlcTpWmkr6IoMFfkjXAvTHpevnDsM=
github.com/elazarl/goproxy/ext v0.0.0-20190711103511-473e67f1d7d2/go.mod h1:gNh8nYJoAm43RfaxurUnxr+N1PwuFV3ZMl/efxlIlY8=
github.com/go-rod/rod v0.116.2 h1:A5t2Ky2A+5eD/ZJQr1EfsQSe5rms5Xof/qj296e+ZqA=
github.com/go-rod/rod v0.116.2/go.mod h1:H+CMO9SCNc2TJ2WfrG+pKhITz57uGNYU43qYHh438Mg=
github.com/go-sql-driver/mysql v1.6.0/go.mod h1:DCzpHaOWr8IXmIStZouvnhqoel9Qv2LBy8hT2VhHyBg=
github.com/go-sql-driver/mysql v1.7.1 h1:lUIinVbN1DY0xBg0eMOzmmtGoHwWBbvnWubQUrtU8EI=
github.com/go-sql-driver/mysql v1.7.1/go.mod h1:OXbVy3sEdcQ2Doequ6Z5BW6fXNQTmx+9S1MCJN5yJMI=
github.com/golang/groupcache v0.0.0-20210331224755-41bb18bfe9da h1:oI5xCqsCo564l8iNU+DwB5epxmsaqB+rhGL0m5jtYqE=
github.com/golang/groupcache v0.0.0-20210331224755-41bb18bfe9da/go.mod h1:cIg4eruTrX1D+g88fzRXU5OdNfaM+9IcxsU14FzY7Hc=
github.com/golang/protobuf v1.2.0/go.mod h1:6lQm79b+lXiMfvg/cZm0SGofjICqVBUtrP5yJMmIC1U=
github.com/golang/protobuf v1.3.5/go.mod h1:6O5/vntMXwX2lRkT1hjjk0nAC1IDOTvTlVgjlRvqsdk=
github.com/golang/protobuf v1.5.0/go.mod h1:FsONVRAS9T7sI+LIUmWTfcYkHO4aIWwzhcaSAoJOfIk=
github.com/golang/protobuf v1.5.3 h1:KhyjKVUg7Usr/dYsdSqoFveMYd5ko72D+zANwlG1mmg=
github.com/golang/protobuf v1.5.3/go.mod h1:XVQd3VNwM+JqD3oG2Ue2ip4fOMUkwXdXDdiuN0vRsmY=
github.com/google/go-cmp v0.5.5/go.mod h1:v8dTdLbMG2kIc/vJvl+f65V22dbkXbowE6jgT/gNBxE=
github.com/google/go-cmp v0.5.9 h1:O2Tfq5qg4qc4AmwVlvv0oLiVAGB7enBSJ2x2DqQFi38=
github.com/google/go-cmp v0.5.9/go.mod h1:17dUlkBOakJ0+DkrSSNjCkIjxS6bF9zb3elmeNGIjoY=
github.com/gopherjs/gopherjs v1.17.2 h1:fQnZVsXk8uxXIStYb0N4bGk7jeyTalG/wsZjQ25dO0g=
github.com/gopherjs/gopherjs v1.17.2/go.mod h1:pRRIvn/QzFLrKfvEz3qUuEhtE/zLCWfreZ6J5gM2i+k=
github.com/jinzhu/inflection v1.0.0 h1:K317FqzuhWc8YvSVlFMCCUb36O/S9MCKRDI7QkRKD/E=
github.com/jinzhu/inflection v1.0.0/go.mod h1:h+uFLlag+Qp1Va5pdKtLDYj+kHp5pxUVkryuEj+Srlc=
github.com/jinzhu/now v1.1.3/go.mod h1:d3SSVoowX0Lcu0IBviAWJpolVfI5UJVZZ7cO71lE/z8=
github.com/jinzhu/now v1.1.4/go.mod h1:d3SSVoowX0Lcu0IBviAWJpolVfI5UJVZZ7cO71lE/z8=
github.com/jinzhu/now v1.1.5 h1:/o9tlHleP7gOFmsnYNz3RGnqzefHA47wQpKrrdTIwXQ=
github.com/jinzhu/now v1.1.5/go.mod h1:d3SSVoowX0Lcu0IBviAWJpolVfI5UJVZZ7cO71lE/z8=
github.com/josharian/intern v1.0.0 h1:vlS4z54oSdjm0bgjRigI+G1HpF+tI+9rE5LLzOg8HmY=
github.com/josharian/intern v1.0.0/go.mod h1:5DoeVV0s6jJacbCEi61lwdGj/aVlrQvzHFFd8Hwg//Y=
github.com/jtolds/gls v4.20.0+incompatible h1:xdiiI2gbIgH/gLH7ADydsJ1uDOEzR8yvV7C0MuV77Wo=
github.com/jtolds/gls v4.20.0+incompatible/go.mod h1:QJZ7F/aHp+rZTRtaJ1ow/lLfFfVYBRgL+9YlvaHOwJU=
github.com/kr/pretty v0.3.1 h1:flRD4NNwYAUpkphVc1HcthR4KEIFJ65n8Mw5qdRn3LE=
github.com/kr/pretty v0.3.1/go.mod h1:hoEshYVHaxMs3cyo3Yncou5ZscifuDolrwPKZanG3xk=
github.com/kr/text v0.2.0 h1:5Nx0Ya0ZqY2ygV366QzturHI13Jq95ApcVaJBhpS+AY=
github.com/kr/text v0.2.0/go.mod h1:eLer722TekiGuMkidMxC/pM04lWEeraHUUmBw8l2grE=
github.com/lionsoul2014/ip2region/binding/golang v0.0.0-20241220152942-06eb5c6e8230 h1:B0oaMTAQKDZd8cwYT0qsAI7+c3KbFeBNA8GhgoBMXWw=
github.com/lionsoul2014/ip2region/binding/golang v0.0.0-20241220152942-06eb5c6e8230/go.mod h1:C5LA5UO2ZXJrLaPLYtE1wUJMiyd/nwWaCO5cw/2pSHs=
github.com/lyuangg/mr v1.0.0 h1:xLmdt782jogZ97M+r/ZNWmdXwiHkJuvbTn+NWdZB88s=
github.com/lyuangg/mr v1.0.0/go.mod h1:8l505CggkMpsoeUp7Kpp13xFuMVeDJTibpQ4b9WPlYA=
github.com/mailru/easyjson v0.7.7 h1:UGYAvKxe3sBsEDzO8ZeWOSlIQfWFlxbzLZe7hwFURr0=
github.com/mailru/easyjson v0.7.7/go.mod h1:xzfreul335JAWq5oZzymOObrkdz5UnU4kGfJJLY9Nlc=
github.com/matttproud/golang_protobuf_extensions v1.0.4 h1:mmDVorXM7PCGKw94cs5zkfA9PSy5pEvNWRP0ET0TIVo=
github.com/matttproud/golang_protobuf_extensions v1.0.4/go.mod h1:BSXmuO+STAnVfrANrmjBb36TMTDstsz7MSK+HVaYKv4=
github.com/moul/http2curl v1.0.0 h1:dRMWoAtb+ePxMlLkrCbAqh4TlPHXvoGUSQ323/9Zahs=
github.com/moul/http2curl v1.0.0/go.mod h1:8UbvGypXm98wA/IqH45anm5Y2Z6ep6O31QGOAZ3H0fQ=
github.com/panjf2000/ants/v2 v2.10.0 h1:zhRg1pQUtkyRiOFo2Sbqwjp0GfBNo9cUY2/Grpx1p+8=
github.com/panjf2000/ants/v2 v2.10.0/go.mod h1:7ZxyxsqE4vvW0M7LSD8aI3cKwgFhBHbxnlN8mDqHa1I=
github.com/parnurzeal/gorequest v0.3.0 h1:SoFyqCDC9COr1xuS6VA8fC8RU7XyrJZN2ona1kEX7FI=
github.com/parnurzeal/gorequest v0.3.0/go.mod h1:3Kh2QUMJoqw3icWAecsyzkpY7UzRfDhbRdTjtNwNiUE=
github.com/pkg/errors v0.9.1 h1:FEBLx1zS214owpjy7qsBeixbURkuhQAwrK5UwLGTwt4=
github.com/pkg/errors v0.9.1/go.mod h1:bwawxfHBFNV+L2hUp1rHADufV3IMtnDRdf1r5NINEl0=
github.com/pmezard/go-difflib v1.0.0/go.mod h1:iKH77koFhYxTK1pcRnkKkqfTogsbg7gZNVY4sRDYZ/4=
github.com/pmezard/go-difflib v1.0.1-0.20181226105442-5d4384ee4fb2 h1:Jamvg5psRIccs7FGNTlIRMkT8wgtp5eCXdBlqhYGL6U=
github.com/pmezard/go-difflib v1.0.1-0.20181226105442-5d4384ee4fb2/go.mod h1:iKH77koFhYxTK1pcRnkKkqfTogsbg7gZNVY4sRDYZ/4=
github.com/prometheus/client_golang v1.15.1 h1:8tXpTmJbyH5lydzFPoxSIJ0J46jdh3tylbvM1xCv0LI=
github.com/prometheus/client_golang v1.15.1/go.mod h1:e9yaBhRPU2pPNsZwE+JdQl0KEt1N9XgF6zxWmaC0xOk=
github.com/prometheus/client_model v0.3.0 h1:UBgGFHqYdG/TPFD1B1ogZywDqEkwp3fBMvqdiQ7Xew4=
github.com/prometheus/client_model v0.3.0/go.mod h1:LDGWKZIo7rky3hgvBe+caln+Dr3dPggB5dvjtD7w9+w=
github.com/prometheus/common v0.42.0 h1:EKsfXEYo4JpWMHH5cg+KOUWeuJSov1Id8zGR8eeI1YM=
github.com/prometheus/common v0.42.0/go.mod h1:xBwqVerjNdUDjgODMpudtOMwlOwf2SaTr1yjz4b7Zbc=
github.com/prometheus/procfs v0.9.0 h1:wzCHvIvM5SxWqYvwgVL7yJY8Lz3PKn49KQtpgMYJfhI=
github.com/prometheus/procfs v0.9.0/go.mod h1:+pB4zwohETzFnmlpe6yd2lSc+0/46IYZRB/chUwxUZY=
github.com/rogpeppe/go-charset v0.0.0-20180617210344-2471d30d28b4/go.mod h1:qgYeAmZ5ZIpBWTGllZSQnw97Dj+woV0toclVaRGI8pc=
github.com/rogpeppe/go-internal v1.13.1 h1:KvO1DLK/DRN07sQ1LQKScxyZJuNnedQ5/wKSR38lUII=
github.com/rogpeppe/go-internal v1.13.1/go.mod h1:uMEvuHeurkdAXX61udpOXGD/AzZDWNMNyH2VO9fmH0o=
github.com/samber/lo v1.38.1 h1:j2XEAqXKb09Am4ebOg31SpvzUTTs6EN3VfgeLUhPdXM=
github.com/samber/lo v1.38.1/go.mod h1:+m/ZKRl6ClXCE2Lgf3MsQlWfh4bn1bz6CXEOxnEXnEA=
github.com/smartwalle/crypto4go v1.0.3 h1:LMyJ0IckEzvfdL83n5esyiyOOV5kdohHjcKFmzmFwmw=
github.com/smartwalle/crypto4go v1.0.3/go.mod h1:ZWGiSjwChZkEUY7TFzIt351l1pmK+UihDdCzZey+eUM=
github.com/smarty/assertions v1.15.0 h1:cR//PqUBUiQRakZWqBiFFQ9wb8emQGDb0HeGdqGByCY=
github.com/smarty/assertions v1.15.0/go.mod h1:yABtdzeQs6l1brC900WlRNwj6ZR55d7B+E8C6HtKdec=
github.com/smartystreets/goconvey v1.8.1 h1:qGjIddxOk4grTu9JPOU31tVfq3cNdBlNa5sSznIX1xY=
github.com/smartystreets/goconvey v1.8.1/go.mod h1:+/u4qLyY6x1jReYOp7GOM2FSt8aP9CzCZL03bI28W60=
github.com/stretchr/objx v0.1.0/go.mod h1:HFkY916IF+rwdDfMAkV7OtwuqBVzrE8GR6GFx+wExME=
github.com/stretchr/objx v0.4.0/go.mod h1:YvHI0jy2hoMjB+UWwv71VJQ9isScKT/TqJzVSSt89Yw=
github.com/stretchr/objx v0.5.0/go.mod h1:Yh+to48EsGEfYuaHDzXPcE3xhTkx73EhmCGUpEOglKo=
github.com/stretchr/testify v1.7.0/go.mod h1:6Fq8oRcR53rry900zMqJjRRixrwX3KX962/h/Wwjteg=
github.com/stretchr/testify v1.7.1/go.mod h1:6Fq8oRcR53rry900zMqJjRRixrwX3KX962/h/Wwjteg=
github.com/stretchr/testify v1.8.0/go.mod h1:yNjHg4UonilssWZ8iaSj1OCr/vHnekPRkoO+kdMU+MU=
github.com/stretchr/testify v1.8.2/go.mod h1:w2LPCIKwWwSfY2zedu0+kehJoqGctiVI29o6fzry7u4=
github.com/stretchr/testify v1.10.0 h1:Xv5erBjTwe/5IxqUQTdXv5kgmIvbHo3QQyRwhJsOfJA=
github.com/stretchr/testify v1.10.0/go.mod h1:r2ic/lqez/lEtzL7wO/rwa5dbSLXVDPFyf8C91i36aY=
github.com/tencentyun/tls-sig-api-v2-golang v1.3.0 h1:mW4onVqOP6MqkJtTay74Tch6NvjwQRXeCuhUC/p6YYk=
github.com/tencentyun/tls-sig-api-v2-golang v1.3.0/go.mod h1:0L1MSijyEq6a74xZ02h0qKfN8y6RcvDiNabIZWXereE=
github.com/ysmood/fetchup v0.2.3 h1:ulX+SonA0Vma5zUFXtv52Kzip/xe7aj4vqT5AJwQ+ZQ=
github.com/ysmood/fetchup v0.2.3/go.mod h1:xhibcRKziSvol0H1/pj33dnKrYyI2ebIvz5cOOkYGns=
github.com/ysmood/goob v0.4.0 h1:HsxXhyLBeGzWXnqVKtmT9qM7EuVs/XOgkX7T6r1o1AQ=
github.com/ysmood/goob v0.4.0/go.mod h1:u6yx7ZhS4Exf2MwciFr6nIM8knHQIE22lFpWHnfql18=
github.com/ysmood/gop v0.2.0 h1:+tFrG0TWPxT6p9ZaZs+VY+opCvHU8/3Fk6BaNv6kqKg=
github.com/ysmood/gop v0.2.0/go.mod h1:rr5z2z27oGEbyB787hpEcx4ab8cCiPnKxn0SUHt6xzk=
github.com/ysmood/got v0.40.0 h1:ZQk1B55zIvS7zflRrkGfPDrPG3d7+JOza1ZkNxcc74Q=
github.com/ysmood/got v0.40.0/go.mod h1:W7DdpuX6skL3NszLmAsC5hT7JAhuLZhByVzHTq874Qg=
github.com/ysmood/gotrace v0.6.0 h1:SyI1d4jclswLhg7SWTL6os3L1WOKeNn/ZtzVQF8QmdY=
github.com/ysmood/gotrace v0.6.0/go.mod h1:TzhIG7nHDry5//eYZDYcTzuJLYQIkykJzCRIo4/dzQM=
github.com/ysmood/gson v0.7.3 h1:QFkWbTH8MxyUTKPkVWAENJhxqdBa4lYTQWqZCiLG6kE=
github.com/ysmood/gson v0.7.3/go.mod h1:3Kzs5zDl21g5F/BlLTNcuAGAYLKt2lV5G8D1zF3RNmg=
github.com/ysmood/leakless v0.9.0 h1:qxCG5VirSBvmi3uynXFkcnLMzkphdh3xx5FtrORwDCU=
github.com/ysmood/leakless v0.9.0/go.mod h1:R8iAXPRaG97QJwqxs74RdwzcRHT1SWCGTNqY8q0JvMQ=
github.com/yuin/goldmark v1.4.13/go.mod h1:6yULJ656Px+3vBD8DxQVa3kxgyrAnzto9xy5taEt/CY=
golang.org/x/crypto v0.0.0-20190308221718-c2843e01d9a2/go.mod h1:djNgcEr1/C05ACkg1iLfiJU5Ep61QUkGW8qpdssI0+w=
golang.org/x/crypto v0.0.0-20210921155107-089bfa567519/go.mod h1:GvvjBRRGRdwPK5ydBHafDWAxML/pGHZbMvKqRZ5+Abc=
golang.org/x/exp v0.0.0-20220303212507-bbda1eaf7a17 h1:3MTrJm4PyNL9NBqvYDSj3DHl46qQakyfqfWo4jgfaEM=
golang.org/x/exp v0.0.0-20220303212507-bbda1eaf7a17/go.mod h1:lgLbSvA5ygNOMpwM/9anMpWVlVJ7Z+cHWq/eFuinpGE=
golang.org/x/mod v0.6.0-dev.0.20220419223038-86c51ed26bb4/go.mod h1:jJ57K6gSWd91VN4djpZkiMVwK6gcyfeH4XE8wZrZaV4=
golang.org/x/net v0.0.0-20190620200207-3b0461eec859/go.mod h1:z5CRVTTTmAJ677TzLLGU+0bjPO0LkuOLi4/5GtJWs/s=
golang.org/x/net v0.0.0-20210226172049-e18ecbb05110/go.mod h1:m0MpNAwzfU5UDzcl9v0D8zg8gWTRqZa9RBIspLL5mdg=
golang.org/x/net v0.0.0-20220722155237-a158d28d115b/go.mod h1:XRhObCWvk6IyKnWLug+ECip1KBveYUHfp+8e9klMJ9c=
golang.org/x/net v0.5.0/go.mod h1:DivGGAXEgPSlEBzxGzZI+ZLohi+xUj054jfeKui00ws=
golang.org/x/net v0.17.0 h1:pVaXccu2ozPjCXewfr1S7xza/zcXTity9cCdXQYSjIM=
golang.org/x/net v0.17.0/go.mod h1:NxSsAGuq816PNPmqtQdLE42eU2Fs7NoRIZrHJAlaCOE=
golang.org/x/sync v0.0.0-20181221193216-37e7f081c4d4/go.mod h1:RxMgew5VJxzue5/jJTE5uejpjVlOe/izrB70Jof72aM=
golang.org/x/sync v0.0.0-20190423024810-112230192c58/go.mod h1:RxMgew5VJxzue5/jJTE5uejpjVlOe/izrB70Jof72aM=
golang.org/x/sync v0.0.0-20220722155255-886fb9371eb4/go.mod h1:RxMgew5VJxzue5/jJTE5uejpjVlOe/izrB70Jof72aM=
golang.org/x/sync v0.3.0 h1:ftCYgMx6zT/asHUrPw8BLLscYtGznsLAnjq5RH9P66E=
golang.org/x/sync v0.3.0/go.mod h1:FU7BRWz2tNW+3quACPkgCx/L+uEAv1htQ0V83Z9Rj+Y=
golang.org/x/sys v0.0.0-20190215142949-d0b11bdaac8a/go.mod h1:STP8DvDyc/dI5b8T5hshtkjS+E42TnysNCUPdjciGhY=
golang.org/x/sys v0.0.0-20201119102817-f84b799fce68/go.mod h1:h1NjWce9XRLGQEsW7wpKNCjG9DtNlClVuFLEZdDNbEs=
golang.org/x/sys v0.0.0-20210615035016-665e8c7367d1/go.mod h1:oPkhp1MJrh7nUepCBck5+mAzfO9JrbApNNgaTdGDITg=
golang.org/x/sys v0.0.0-20220520151302-bc2c85ada10a/go.mod h1:oPkhp1MJrh7nUepCBck5+mAzfO9JrbApNNgaTdGDITg=
golang.org/x/sys v0.0.0-20220722155257-8c9f86f7a55f/go.mod h1:oPkhp1MJrh7nUepCBck5+mAzfO9JrbApNNgaTdGDITg=
golang.org/x/sys v0.4.0/go.mod h1:oPkhp1MJrh7nUepCBck5+mAzfO9JrbApNNgaTdGDITg=
golang.org/x/sys v0.21.0 h1:rF+pYz3DAGSQAxAu1CbC7catZg4ebC4UIeIhKxBZvws=
golang.org/x/sys v0.21.0/go.mod h1:/VUhepiaJMQUp4+oa/7Zr1D23ma6VTLIYjOOTFZPUcA=
golang.org/x/term v0.0.0-20201126162022-7de9c90e9dd1/go.mod h1:bj7SfCRtBDWHUb9snDiAeCFNEtKQo2Wmx5Cou7ajbmo=
golang.org/x/term v0.0.0-20210927222741-03fcf44c2211/go.mod h1:jbD1KX2456YbFQfuXm/mYQcufACuNUgVhRMnK/tPxf8=
golang.org/x/term v0.4.0/go.mod h1:9P2UbLfCdcvo3p/nzKvsmas4TnlujnuoV9hGgYzW1lQ=
golang.org/x/text v0.3.0/go.mod h1:NqM8EUOU14njkJ3fqMW+pc6Ldnwhi/IjpwHt7yyuwOQ=
golang.org/x/text v0.3.3/go.mod h1:5Zoc/QRtKVWzQhOtBMvqHzDpF6irO9z98xDceosuGiQ=
golang.org/x/text v0.3.7/go.mod h1:u+2+/6zg+i71rQMx5EYifcz6MCKuco9NR6JIITiCfzQ=
golang.org/x/text v0.6.0/go.mod h1:mrYo+phRRbMaCq/xk9113O4dZlRixOauAjOtrjsXDZ8=
golang.org/x/text v0.13.0 h1:ablQoSUd0tRdKxZewP80B+BaqeKJuVhuRxj/dkrun3k=
golang.org/x/text v0.13.0/go.mod h1:TvPlkZtksWOMsz7fbANvkp4WM8x/WCo/om8BMLbz+aE=
golang.org/x/tools v0.0.0-20180917221912-90fa682c2a6e/go.mod h1:n7NCudcB/nEzxVGmLbDWY5pfWTLqBcC2KZ6jyYvM4mQ=
golang.org/x/tools v0.0.0-20191119224855-298f0cb1881e/go.mod h1:b+2E5dAYhXwXZwtnZ6UAqBI28+e2cm9otk0dWdXHAEo=
golang.org/x/tools v0.1.12/go.mod h1:hNGJHUnrk76NpqgfD5Aqm5Crs+Hm0VOH/i9J2+nxYbc=
golang.org/x/xerrors v0.0.0-20190717185122-a985d3407aa7/go.mod h1:I/5z698sn9Ka8TeJc9MKroUUfqBBauWjQqLJ2OPfmY0=
golang.org/x/xerrors v0.0.0-20191204190536-9bdfabe68543/go.mod h1:I/5z698sn9Ka8TeJc9MKroUUfqBBauWjQqLJ2OPfmY0=
google.golang.org/protobuf v1.26.0-rc.1/go.mod h1:jlhhOSvTdKEhbULTjvd4ARK9grFBp09yW+WbY/TyQbw=
google.golang.org/protobuf v1.26.0/go.mod h1:9q0QmTI4eRPtz6boOQmLYwt+qCgq0jsYwAQnmE0givc=
google.golang.org/protobuf v1.30.0 h1:kPPoIgf3TsEvrm0PFe15JQ+570QVxYzEvvHqChK+cng=
google.golang.org/protobuf v1.30.0/go.mod h1:HV8QOd/L58Z+nl8r43ehVNZIU/HEI6OcFqwMG9pJV4I=
gopkg.in/check.v1 v0.0.0-20161208181325-20d25e280405/go.mod h1:Co6ibVJAznAaIkqp8huTwlJQCZ016jof/cbN4VW5Yz0=
gopkg.in/check.v1 v1.0.0-20201130134442-10cb98267c6c h1:Hei/4ADfdWqJk1ZMxUNpqntNwaWcugrBjAiHlqqRiVk=
gopkg.in/check.v1 v1.0.0-20201130134442-10cb98267c6c/go.mod h1:JHkPIbrfpd72SG/EVd6muEfDQjcINNoR0C8j2r3qZ4Q=
gopkg.in/yaml.v3 v3.0.0-20200313102051-9f266ea9e77c/go.mod h1:K4uyk7z7BCEPqu6E+C64Yfv1cQ7kz7rIZviUmN+EgEM=
gopkg.in/yaml.v3 v3.0.1 h1:fxVm/GzAzEWqLHuvctI91KS9hhNmmWOoWu0XTYJS7CA=
gopkg.in/yaml.v3 v3.0.1/go.mod h1:K4uyk7z7BCEPqu6E+C64Yfv1cQ7kz7rIZviUmN+EgEM=
gorm.io/driver/mysql v1.3.0 h1:4lcLnxzfyNTKsZ4mcRlYNQBmGv0mJqm2sy4aEFL426c=
gorm.io/driver/mysql v1.3.0/go.mod h1:qsiz+XcAyMrS6QY+X3M9R6b/lKM1imKmcuK9kac5LTo=
gorm.io/gorm v1.22.4/go.mod h1:1aeVC+pe9ZmvKZban/gW4QPra7PRoTEssyc922qCAkk=
gorm.io/gorm v1.22.5 h1:lYREBgc02Be/5lSCTuysZZDb6ffL2qrat6fg9CFbvXU=
gorm.io/gorm v1.22.5/go.mod h1:l2lP/RyAtc1ynaTjFksBde/O8v9oOGIApu2/xRitmZk=
